
Microsoft Visual Studio Solution File, Format Version 12.00
# Visual Studio Version 16
VisualStudioVersion = 16.0.30104.148
MinimumVisualStudioVersion = 10.0.40219.1
Project("{FAE04EC0-301F-11D3-BF4B-00C04F79EFBC}") = "CitiesGuess", "CitiesGuess.csproj", "{AA347E9F-5927-4A07-A32F-D09D87E63931}"
EndProject
Global
	GlobalSection(SolutionConfigurationPlatforms) = preSolution
		Debug|Any CPU = Debug|Any CPU
		Release|Any CPU = Release|Any CPU
	EndGlobalSection
	GlobalSection(ProjectConfigurationPlatforms) = postSolution
		{AA347E9F-5927-4A07-A32F-D09D87E63931}.Debug|Any CPU.ActiveCfg = Debug|Any CPU
		{AA347E9F-5927-4A07-A32F-D09D87E63931}.Debug|Any CPU.Build.0 = Debug|Any CPU
		{AA347E9F-5927-4A07-A32F-D09D87E63931}.Release|Any CPU.ActiveCfg = Release|Any CPU
		{AA347E9F-5927-4A07-A32F-D09D87E63931}.Release|Any CPU.Build.0 = Release|Any CPU
	EndGlobalSection
	GlobalSection(SolutionProperties) = preSolution
		HideSolutionNode = FALSE
	EndGlobalSection
	GlobalSection(ExtensibilityGlobals) = postSolution
		SolutionGuid = {7B939CDA-F44E-4E10-BA63-5DBA9933A654}
	EndGlobalSection
EndGlobal
